// !$*UTF8*$!
{
	archiveVersion = 1;
	classes = {
	};
	objectVersion = 46;
	objects = {

/* Begin PBXBuildFile section */
		85412DD61C8FC5FF00993653 /* main.m in Sources */ = {isa = PBXBuildFile; fileRef = 85412DD51C8FC5FF00993653 /* main.m */; };
		85412DD91C8FC5FF00993653 /* AppDelegate.m in Sources */ = {isa = PBXBuildFile; fileRef = 85412DD81C8FC5FF00993653 /* AppDelegate.m */; };
		85412DDC1C8FC5FF00993653 /* ViewController.m in Sources */ = {isa = PBXBuildFile; fileRef = 85412DDB1C8FC5FF00993653 /* ViewController.m */; };
		85412DDF1C8FC5FF00993653 /* Main.storyboard in Resources */ = {isa = PBXBuildFile; fileRef = 85412DDD1C8FC5FF00993653 /* Main.storyboard */; };
		85412DE21C8FC5FF00993653 /* coreData1.xcdatamodeld in Sources */ = {isa = PBXBuildFile; fileRef = 85412DE01C8FC5FF00993653 /* coreData1.xcdatamodeld */; };
		85412DE41C8FC5FF00993653 /* Assets.xcassets in Resources */ = {isa = PBXBuildFile; fileRef = 85412DE31C8FC5FF00993653 /* Assets.xcassets */; };
		85412DE71C8FC5FF00993653 /* LaunchScreen.storyboard in Resources */ = {isa = PBXBuildFile; fileRef = 85412DE51C8FC5FF00993653 /* LaunchScreen.storyboard */; };
		85412DF21C8FC5FF00993653 /* coreData1Tests.m in Sources */ = {isa = PBXBuildFile; fileRef = 85412DF11C8FC5FF00993653 /* coreData1Tests.m */; };
		85412DFD1C8FC5FF00993653 /* coreData1UITests.m in Sources */ = {isa = PBXBuildFile; fileRef = 85412DFC1C8FC5FF00993653 /* coreData1UITests.m */; };
/* End PBXBuildFile section */

/* Begin PBXContainerItemProxy section */
		85412DEE1C8FC5FF00993653 /* PBXContainerItemProxy */ = {
			isa = PBXContainerItemProxy;
			containerPortal = 85412DC91C8FC5FF00993653 /* Project object */;
			proxyType = 1;
			remoteGlobalIDString = 85412DD01C8FC5FF00993653;
			remoteInfo = coreData1;
		};
		85412DF91C8FC5FF00993653 /* PBXContainerItemProxy */ = {
			isa = PBXContainerItemProxy;
			containerPortal = 85412DC91C8FC5FF00993653 /* Project object */;
			proxyType = 1;
			remoteGlobalIDString = 85412DD01C8FC5FF00993653;
			remoteInfo = coreData1;
		};
/* End PBXContainerItemProxy section */

/* Begin PBXFileReference section */
		85412DD11C8FC5FF00993653 /* coreData1.app */ = {isa = PBXFileReference; explicitFileType = wrapper.application; includeInIndex = 0; path = coreData1.app; sourceTree = BUILT_PRODUCTS_DIR; };
		85412DD51C8FC5FF00993653 /* main.m */ = {isa = PBXFileReference; lastKnownFileType = sourcecode.c.objc; path = main.m; sourceTree = "<group>"; };
		85412DD71C8FC5FF00993653 /* AppDelegate.h */ = {isa = PBXFileReference; lastKnownFileType = sourcecode.c.h; path = AppDelegate.h; sourceTree = "<group>"; };
		85412DD81C8FC5FF00993653 /* AppDelegate.m */ = {isa = PBXFileReference; lastKnownFileType = sourcecode.c.objc; path = AppDelegate.m; sourceTree = "<group>"; };
		85412DDA1C8FC5FF00993653 /* ViewController.h */ = {isa = PBXFileReference; lastKnownFileType = sourcecode.c.h; path = ViewController.h; sourceTree = "<group>"; };
		85412DDB1C8FC5FF00993653 /* ViewController.m */ = {isa = PBXFileReference; lastKnownFileType = sourcecode.c.objc; path = ViewController.m; sourceTree = "<group>"; };
		85412DDE1C8FC5FF00993653 /* Base */ = {isa = PBXFileReference; lastKnownFileType = file.storyboard; name = Base; path = Base.lproj/Main.storyboard; sourceTree = "<group>"; };
		85412DE11C8FC5FF00993653 /* coreData1.xcdatamodel */ = {isa = PBXFileReference; lastKnownFileType = wrapper.xcdatamodel; path = coreData1.xcdatamodel; sourceTree = "<group>"; };
		85412DE31C8FC5FF00993653 /* Assets.xcassets */ = {isa = PBXFileReference; lastKnownFileType = folder.assetcatalog; path = Assets.xcassets; sourceTree = "<group>"; };
		85412DE61C8FC5FF00993653 /* Base */ = {isa = PBXFileReference; lastKnownFileType = file.storyboard; name = Base; path = Base.lproj/LaunchScreen.storyboard; sourceTree = "<group>"; };
		85412DE81C8FC5FF00993653 /* Info.plist */ = {isa = PBXFileReference; lastKnownFileType = text.plist.xml; path = Info.plist; sourceTree = "<group>"; };
		85412DED1C8FC5FF00993653 /* coreData1Tests.xctest */ = {isa = PBXFileReference; explicitFileType = wrapper.cfbundle; includeInIndex = 0; path = coreData1Tests.xctest; sourceTree = BUILT_PRODUCTS_DIR; };
		85412DF11C8FC5FF00993653 /* coreData1Tests.m */ = {isa = PBXFileReference; lastKnownFileType = sourcecode.c.objc; path = coreData1Tests.m; sourceTree = "<group>"; };
		85412DF31C8FC5FF00993653 /* Info.plist */ = {isa = PBXFileReference; lastKnownFileType = text.plist.xml; path = Info.plist; sourceTree = "<group>"; };
		85412DF81C8FC5FF00993653 /* coreData1UITests.xctest */ = {isa = PBXFileReference; explicitFileType = wrapper.cfbundle; includeInIndex = 0; path = coreData1UITests.xctest; sourceTree = BUILT_PRODUCTS_DIR; };
		85412DFC1C8FC5FF00993653 /* coreData1UITests.m */ = {isa = PBXFileReference; lastKnownFileType = sourcecode.c.objc; path = coreData1UITests.m; sourceTree = "<group>"; };
		85412DFE1C8FC5FF00993653 /* Info.plist */ = {isa = PBXFileReference; lastKnownFileType = text.plist.xml; path = Info.plist; sourceTree = "<group>"; };
/* End PBXFileReference section */

/* Begin PBXFrameworksBuildPhase section */
		85412DCE1C8FC5FF00993653 /* Frameworks */ = {
			isa = PBXFrameworksBuildPhase;
			buildActionMask = 2147483647;
			files = (
			);
			runOnlyForDeploymentPostprocessing = 0;
		};
		85412DEA1C8FC5FF00993653 /* Frameworks */ = {
			isa = PBXFrameworksBuildPhase;
			buildActionMask = 2147483647;
			files = (
			);
			runOnlyForDeploymentPostprocessing = 0;
		};
		85412DF51C8FC5FF00993653 /* Frameworks */ = {
			isa = PBXFrameworksBuildPhase;
			buildActionMask = 2147483647;
			files = (
			);
			runOnlyForDeploymentPostprocessing = 0;
		};
/* End PBXFrameworksBuildPhase section */

/* Begin PBXGroup section */
		85412DC81C8FC5FF00993653 = {
			isa = PBXGroup;
			children = (
				85412DD31C8FC5FF00993653 /* coreData1 */,
				85412DF01C8FC5FF00993653 /* coreData1Tests */,
				85412DFB1C8FC5FF00993653 /* coreData1UITests */,
				85412DD21C8FC5FF00993653 /* Products */,
			);
			sourceTree = "<group>";
		};
		85412DD21C8FC5FF00993653 /* Products */ = {
			isa = PBXGroup;
			children = (
				85412DD11C8FC5FF00993653 /* coreData1.app */,
				85412DED1C8FC5FF00993653 /* coreData1Tests.xctest */,
				85412DF81C8FC5FF00993653 /* coreData1UITests.xctest */,
			);
			name = Products;
			sourceTree = "<group>";
		};
		85412DD31C8FC5FF00993653 /* coreData1 */ = {
			isa = PBXGroup;
			children = (
				85412DD71C8FC5FF00993653 /* AppDelegate.h */,
				85412DD81C8FC5FF00993653 /* AppDelegate.m */,
				85412DDA1C8FC5FF00993653 /* ViewController.h */,
				85412DDB1C8FC5FF00993653 /* ViewController.m */,
				85412DDD1C8FC5FF00993653 /* Main.storyboard */,
				85412DE31C8FC5FF00993653 /* Assets.xcassets */,
				85412DE51C8FC5FF00993653 /* LaunchScreen.storyboard */,
				85412DE81C8FC5FF00993653 /* Info.plist */,
				85412DE01C8FC5FF00993653 /* coreData1.xcdatamodeld */,
				85412DD41C8FC5FF00993653 /* Supporting Files */,
			);
			path = coreData1;
			sourceTree = "<group>";
		};
		85412DD41C8FC5FF00993653 /* Supporting Files */ = {
			isa = PBXGroup;
			children = (
				85412DD51C8FC5FF00993653 /* main.m */,
			);
			name = "Supporting Files";
			sourceTree = "<group>";
		};
		85412DF01C8FC5FF00993653 /* coreData1Tests */ = {
			isa = PBXGroup;
			children = (
				85412DF11C8FC5FF00993653 /* coreData1Tests.m */,
				85412DF31C8FC5FF00993653 /* Info.plist */,
			);
			path = coreData1Tests;
			sourceTree = "<group>";
		};
		85412DFB1C8FC5FF00993653 /* coreData1UITests */ = {
			isa = PBXGroup;
			children = (
				85412DFC1C8FC5FF00993653 /* coreData1UITests.m */,
				85412DFE1C8FC5FF00993653 /* Info.plist */,
			);
			path = coreData1UITests;
			sourceTree = "<group>";
		};
/* End PBXGroup section */

/* Begin PBXNativeTarget section */
		85412DD01C8FC5FF00993653 /* coreData1 */ = {
			isa = PBXNativeTarget;
			buildConfigurationList = 85412E011C8FC5FF00993653 /* Build configuration list for PBXNativeTarget "coreData1" */;
			buildPhases = (
				85412DCD1C8FC5FF00993653 /* Sources */,
				85412DCE1C8FC5FF00993653 /* Frameworks */,
				85412DCF1C8FC5FF00993653 /* Resources */,
			);
			buildRules = (
			);
			dependencies = (
			);
			name = coreData1;
			productName = coreData1;
			productReference = 85412DD11C8FC5FF00993653 /* coreData1.app */;
			productType = "com.apple.product-type.application";
		};
		85412DEC1C8FC5FF00993653 /* coreData1Tests */ = {
			isa = PBXNativeTarget;
			buildConfigurationList = 85412E041C8FC5FF00993653 /* Build configuration list for PBXNativeTarget "coreData1Tests" */;
			buildPhases = (
				85412DE91C8FC5FF00993653 /* Sources */,
				85412DEA1C8FC5FF00993653 /* Frameworks */,
				85412DEB1C8FC5FF00993653 /* Resources */,
			);
			buildRules = (
			);
			dependencies = (
				85412DEF1C8FC5FF00993653 /* PBXTargetDependency */,
			);
			name = coreData1Tests;
			productName = coreData1Tests;
			productReference = 85412DED1C8FC5FF00993653 /* coreData1Tests.xctest */;
			productType = "com.apple.product-type.bundle.unit-test";
		};
		85412DF71C8FC5FF00993653 /* coreData1UITests */ = {
			isa = PBXNativeTarget;
			buildConfigurationList = 85412E071C8FC5FF00993653 /* Build configuration list for PBXNativeTarget "coreData1UITests" */;
			buildPhases = (
				85412DF41C8FC5FF00993653 /* Sources */,
				85412DF51C8FC5FF00993653 /* Frameworks */,
				85412DF61C8FC5FF00993653 /* Resources */,
			);
			buildRules = (
			);
			dependencies = (
				85412DFA1C8FC5FF00993653 /* PBXTargetDependency */,
			);
			name = coreData1UITests;
			productName = coreData1UITests;
			productReference = 85412DF81C8FC5FF00993653 /* coreData1UITests.xctest */;
			productType = "com.apple.product-type.bundle.ui-testing";
		};
/* End PBXNativeTarget section */

/* Begin PBXProject section */
		85412DC91C8FC5FF00993653 /* Project object */ = {
			isa = PBXProject;
			attributes = {
				LastUpgradeCheck = 0710;
				ORGANIZATIONNAME = AppleUser;
				TargetAttributes = {
					85412DD01C8FC5FF00993653 = {
						CreatedOnToolsVersion = 7.1.1;
					};
					85412DEC1C8FC5FF00993653 = {
						CreatedOnToolsVersion = 7.1.1;
						TestTargetID = 85412DD01C8FC5FF00993653;
					};
					85412DF71C8FC5FF00993653 = {
						CreatedOnToolsVersion = 7.1.1;
						TestTargetID = 85412DD01C8FC5FF00993653;
					};
				};
			};
			buildConfigurationList = 85412DCC1C8FC5FF00993653 /* Build configuration list for PBXProject "coreData1" */;
			compatibilityVersion = "Xcode 3.2";
			developmentRegion = English;
			hasScannedForEncodings = 0;
			knownRegions = (
				en,
				Base,
			);
			mainGroup = 85412DC81C8FC5FF00993653;
			productRefGroup = 85412DD21C8FC5FF00993653 /* Products */;
			projectDirPath = "";
			projectRoot = "";
			targets = (
				85412DD01C8FC5FF00993653 /* coreData1 */,
				85412DEC1C8FC5FF00993653 /* coreData1Tests */,
				85412DF71C8FC5FF00993653 /* coreData1UITests */,
			);
		};
/* End PBXProject section */

/* Begin PBXResourcesBuildPhase section */
		85412DCF1C8FC5FF00993653 /* Resources */ = {
			isa = PBXResourcesBuildPhase;
			buildActionMask = 2147483647;
			files = (
				85412DE71C8FC5FF00993653 /* LaunchScreen.storyboard in Resources */,
				85412DE41C8FC5FF00993653 /* Assets.xcassets in Resources */,
				85412DDF1C8FC5FF00993653 /* Main.storyboard in Resources */,
			);
			runOnlyForDeploymentPostprocessing = 0;
		};
		85412DEB1C8FC5FF00993653 /* Resources */ = {
			isa = PBXResourcesBuildPhase;
			buildActionMask = 2147483647;
			files = (
			);
			runOnlyForDeploymentPostprocessing = 0;
		};
		85412DF61C8FC5FF00993653 /* Resources */ = {
			isa = PBXResourcesBuildPhase;
			buildActionMask = 2147483647;
			files = (
			);
			runOnlyForDeploymentPostprocessing = 0;
		};
/* End PBXResourcesBuildPhase section */

/* Begin PBXSourcesBuildPhase section */
		85412DCD1C8FC5FF00993653 /* Sources */ = {
			isa = PBXSourcesBuildPhase;
			buildActionMask = 2147483647;
			files = (
				85412DDC1C8FC5FF00993653 /* ViewController.m in Sources */,
				85412DD91C8FC5FF00993653 /* AppDelegate.m in Sources */,
				85412DE21C8FC5FF00993653 /* coreData1.xcdatamodeld in Sources */,
				85412DD61C8FC5FF00993653 /* main.m in Sources */,
			);
			runOnlyForDeploymentPostprocessing = 0;
		};
		85412DE91C8FC5FF00993653 /* Sources */ = {
			isa = PBXSourcesBuildPhase;
			buildActionMask = 2147483647;
			files = (
				85412DF21C8FC5FF00993653 /* coreData1Tests.m in Sources */,
			);
			runOnlyForDeploymentPostprocessing = 0;
		};
		85412DF41C8FC5FF00993653 /* Sources */ = {
			isa = PBXSourcesBuildPhase;
			buildActionMask = 2147483647;
			files = (
				85412DFD1C8FC5FF00993653 /* coreData1UITests.m in Sources */,
			);
			runOnlyForDeploymentPostprocessing = 0;
		};
/* End PBXSourcesBuildPhase section */

/* Begin PBXTargetDependency section */
		85412DEF1C8FC5FF00993653 /* PBXTargetDependency */ = {
			isa = PBXTargetDependency;
			target = 85412DD01C8FC5FF00993653 /* coreData1 */;
			targetProxy = 85412DEE1C8FC5FF00993653 /* PBXContainerItemProxy */;
		};
		85412DFA1C8FC5FF00993653 /* PBXTargetDependency */ = {
			isa = PBXTargetDependency;
			target = 85412DD01C8FC5FF00993653 /* coreData1 */;
			targetProxy = 85412DF91C8FC5FF00993653 /* PBXContainerItemProxy */;
		};
/* End PBXTargetDependency section */

/* Begin PBXVariantGroup section */
		85412DDD1C8FC5FF00993653 /* Main.storyboard */ = {
			isa = PBXVariantGroup;
			children = (
				85412DDE1C8FC5FF00993653 /* Base */,
			);
			name = Main.storyboard;
			sourceTree = "<group>";
		};
		85412DE51C8FC5FF00993653 /* LaunchScreen.storyboard */ = {
			isa = PBXVariantGroup;
			children = (
				85412DE61C8FC5FF00993653 /* Base */,
			);
			name = LaunchScreen.storyboard;
			sourceTree = "<group>";
		};
/* End PBXVariantGroup section */

/* Begin XCBuildConfiguration section */
		85412DFF1C8FC5FF00993653 /* Debug */ = {
			isa = XCBuildConfiguration;
			buildSettings = {
				ALWAYS_SEARCH_USER_PATHS = NO;
				CLANG_CXX_LANGUAGE_STANDARD = "gnu++0x";
				CLANG_CXX_LIBRARY = "libc++";
				CLANG_ENABLE_MODULES = YES;
				CLANG_ENABLE_OBJC_ARC = YES;
				CLANG_WARN_BOOL_CONVERSION = YES;
				CLANG_WARN_CONSTANT_CONVERSION = YES;
				CLANG_WARN_DIRECT_OBJC_ISA_USAGE = YES_ERROR;
				CLANG_WARN_EMPTY_BODY = YES;
				CLANG_WARN_ENUM_CONVERSION = YES;
				CLANG_WARN_INT_CONVERSION = YES;
				CLANG_WARN_OBJC_ROOT_CLASS = YES_ERROR;
				CLANG_WARN_UNREACHABLE_CODE = YES;
				CLANG_WARN__DUPLICATE_METHOD_MATCH = YES;
				"CODE_SIGN_IDENTITY[sdk=iphoneos*]" = "iPhone Developer";
				COPY_PHASE_STRIP = NO;
				DEBUG_INFORMATION_FORMAT = dwarf;
				ENABLE_STRICT_OBJC_MSGSEND = YES;
				ENABLE_TESTABILITY = YES;
				GCC_C_LANGUAGE_STANDARD = gnu99;
				GCC_DYNAMIC_NO_PIC = NO;
				GCC_NO_COMMON_BLOCKS = YES;
				GCC_OPTIMIZATION_LEVEL = 0;
				GCC_PREPROCESSOR_DEFINITIONS = (
					"DEBUG=1",
					"$(inherited)",
				);
				GCC_WARN_64_TO_32_BIT_CONVERSION = YES;
				GCC_WARN_ABOUT_RETURN_TYPE = YES_ERROR;
				GCC_WARN_UNDECLARED_SELECTOR = YES;
				GCC_WARN_UNINITIALIZED_AUTOS = YES_AGGRESSIVE;
				GCC_WARN_UNUSED_FUNCTION = YES;
				GCC_WARN_UNUSED_VARIABLE = YES;
				IPHONEOS_DEPLOYMENT_TARGET = 9.1;
				MTL_ENABLE_DEBUG_INFO = YES;
				ONLY_ACTIVE_ARCH = YES;
				SDKROOT = iphoneos;
			};
			name = Debug;
		};
		85412E001C8FC5FF00993653 /* Release */ = {
			isa = XCBuildConfiguration;
			buildSettings = {
				ALWAYS_SEARCH_USER_PATHS = NO;
				CLANG_CXX_LANGUAGE_STANDARD = "gnu++0x";
				CLANG_CXX_LIBRARY = "libc++";
				CLANG_ENABLE_MODULES = YES;
				CLANG_ENABLE_OBJC_ARC = YES;
				CLANG_WARN_BOOL_CONVERSION = YES;
				CLANG_WARN_CONSTANT_CONVERSION = YES;
				CLANG_WARN_DIRECT_OBJC_ISA_USAGE = YES_ERROR;
				CLANG_WARN_EMPTY_BODY = YES;
				CLANG_WARN_ENUM_CONVERSION = YES;
				CLANG_WARN_INT_CONVERSION = YES;
				CLANG_WARN_OBJC_ROOT_CLASS = YES_ERROR;
				CLANG_WARN_UNREACHABLE_CODE = YES;
				CLANG_WARN__DUPLICATE_METHOD_MATCH = YES;
				"CODE_SIGN_IDENTITY[sdk=iphoneos*]" = "iPhone Developer";
				COPY_PHASE_STRIP = NO;
				DEBUG_INFORMATION_FORMAT = "dwarf-with-dsym";
				ENABLE_NS_ASSERTIONS = NO;
				ENABLE_STRICT_OBJC_MSGSEND = YES;
				GCC_C_LANGUAGE_STANDARD = gnu99;
				GCC_NO_COMMON_BLOCKS = YES;
				GCC_WARN_64_TO_32_BIT_CONVERSION = YES;
				GCC_WARN_ABOUT_RETURN_TYPE = YES_ERROR;
				GCC_WARN_UNDECLARED_SELECTOR = YES;
				GCC_WARN_UNINITIALIZED_AUTOS = YES_AGGRESSIVE;
				GCC_WARN_UNUSED_FUNCTION = YES;
				GCC_WARN_UNUSED_VARIABLE = YES;
				IPHONEOS_DEPLOYMENT_TARGET = 9.1;
				MTL_ENABLE_DEBUG_INFO = NO;
				SDKROOT = iphoneos;
				VALIDATE_PRODUCT = YES;
			};
			name = Release;
		};
		85412E021C8FC5FF00993653 /* Debug */ = {
			isa = XCBuildConfiguration;
			buildSettings = {
				ASSETCATALOG_COMPILER_APPICON_NAME = AppIcon;
				INFOPLIST_FILE = coreData1/Info.plist;
				LD_RUNPATH_SEARCH_PATHS = "$(inherited) @executable_path/Frameworks";
				PRODUCT_BUNDLE_IDENTIFIER = wjs.coreData1;
				PRODUCT_NAME = "$(TARGET_NAME)";
			};
			name = Debug;
		};
		85412E031C8FC5FF00993653 /* Release */ = {
			isa = XCBuildConfiguration;
			buildSettings = {
				ASSETCATALOG_COMPILER_APPICON_NAME = AppIcon;
				INFOPLIST_FILE = coreData1/Info.plist;
				LD_RUNPATH_SEARCH_PATHS = "$(inherited) @executable_path/Frameworks";
				PRODUCT_BUNDLE_IDENTIFIER = wjs.coreData1;
				PRODUCT_NAME = "$(TARGET_NAME)";
			};
			name = Release;
		};
		85412E051C8FC5FF00993653 /* Debug */ = {
			isa = XCBuildConfiguration;
			buildSettings = {
				BUNDLE_LOADER = "$(TEST_HOST)";
				INFOPLIST_FILE = coreData1Tests/Info.plist;
				LD_RUNPATH_SEARCH_PATHS = "$(inherited) @executable_path/Frameworks @loader_path/Frameworks";
				PRODUCT_BUNDLE_IDENTIFIER = wjs.coreData1Tests;
				PRODUCT_NAME = "$(TARGET_NAME)";
				TEST_HOST = "$(BUILT_PRODUCTS_DIR)/coreData1.app/coreData1";
			};
			name = Debug;
		};
		85412E061C8FC5FF00993653 /* Release */ = {
			isa = XCBuildConfiguration;
			buildSettings = {
				BUNDLE_LOADER = "$(TEST_HOST)";
				INFOPLIST_FILE = coreData1Tests/Info.plist;
				LD_RUNPATH_SEARCH_PATHS = "$(inherited) @executable_path/Frameworks @loader_path/Frameworks";
				PRODUCT_BUNDLE_IDENTIFIER = wjs.coreData1Tests;
				PRODUCT_NAME = "$(TARGET_NAME)";
				TEST_HOST = "$(BUILT_PRODUCTS_DIR)/coreData1.app/coreData1";
			};
			name = Release;
		};
		85412E081C8FC5FF00993653 /* Debug */ = {
			isa = XCBuildConfiguration;
			buildSettings = {
				INFOPLIST_FILE = coreData1UITests/Info.plist;
				LD_RUNPATH_SEARCH_PATHS = "$(inherited) @executable_path/Frameworks @loader_path/Frameworks";
				PRODUCT_BUNDLE_IDENTIFIER = wjs.coreData1UITests;
				PRODUCT_NAME = "$(TARGET_NAME)";
				TEST_TARGET_NAME = coreData1;
				USES_XCTRUNNER = YES;
			};
			name = Debug;
		};
		85412E091C8FC5FF00993653 /* Release */ = {
			isa = XCBuildConfiguration;
			buildSettings = {
				INFOPLIST_FILE = coreData1UITests/Info.plist;
				LD_RUNPATH_SEARCH_PATHS = "$(inherited) @executable_path/Frameworks @loader_path/Frameworks";
				PRODUCT_BUNDLE_IDENTIFIER = wjs.coreData1UITests;
				PRODUCT_NAME = "$(TARGET_NAME)";
				TEST_TARGET_NAME = coreData1;
				USES_XCTRUNNER = YES;
			};
			name = Release;
		};
/* End XCBuildConfiguration section */

/* Begin XCConfigurationList section */
		85412DCC1C8FC5FF00993653 /* Build configuration list for PBXProject "coreData1" */ = {
			isa = XCConfigurationList;
			buildConfigurations = (
				85412DFF1C8FC5FF00993653 /* Debug */,
				85412E001C8FC5FF00993653 /* Release */,
			);
			defaultConfigurationIsVisible = 0;
			defaultConfigurationName = Release;
		};
		85412E011C8FC5FF00993653 /* Build configuration list for PBXNativeTarget "coreData1" */ = {
			isa = XCConfigurationList;
			buildConfigurations = (
				85412E021C8FC5FF00993653 /* Debug */,
				85412E031C8FC5FF00993653 /* Release */,
			);
			defaultConfigurationIsVisible = 0;
		};
		85412E041C8FC5FF00993653 /* Build configuration list for PBXNativeTarget "coreData1Tests" */ = {
			isa = XCConfigurationList;
			buildConfigurations = (
				85412E051C8FC5FF00993653 /* Debug */,
				85412E061C8FC5FF00993653 /* Release */,
			);
			defaultConfigurationIsVisible = 0;
		};
		85412E071C8FC5FF00993653 /* Build configuration list for PBXNativeTarget "coreData1UITests" */ = {
			isa = XCConfigurationList;
			buildConfigurations = (
				85412E081C8FC5FF00993653 /* Debug */,
				85412E091C8FC5FF00993653 /* Release */,
			);
			defaultConfigurationIsVisible = 0;
		};
/* End XCConfigurationList section */

/* Begin XCVersionGroup section */
		85412DE01C8FC5FF00993653 /* coreData1.xcdatamodeld */ = {
			isa = XCVersionGroup;
			children = (
				85412DE11C8FC5FF00993653 /* coreData1.xcdatamodel */,
			);
			currentVersion = 85412DE11C8FC5FF00993653 /* coreData1.xcdatamodel */;
			path = coreData1.xcdatamodeld;
			sourceTree = "<group>";
			versionGroupType = wrapper.xcdatamodel;
		};
/* End XCVersionGroup section */
	};
	rootObject = 85412DC91C8FC5FF00993653 /* Project object */;
}
