// !$*UTF8*$!
{
	archiveVersion = 1;
	classes = {
	};
	objectVersion = 46;
	objects = {

/* Begin PBXBuildFile section */
		85B88A311C911CDB0003DB59 /* main.m in Sources */ = {isa = PBXBuildFile; fileRef = 85B88A301C911CDB0003DB59 /* main.m */; };
		85B88A341C911CDB0003DB59 /* AppDelegate.m in Sources */ = {isa = PBXBuildFile; fileRef = 85B88A331C911CDB0003DB59 /* AppDelegate.m */; };
		85B88A371C911CDB0003DB59 /* ViewController.m in Sources */ = {isa = PBXBuildFile; fileRef = 85B88A361C911CDB0003DB59 /* ViewController.m */; };
		85B88A3A1C911CDB0003DB59 /* Main.storyboard in Resources */ = {isa = PBXBuildFile; fileRef = 85B88A381C911CDB0003DB59 /* Main.storyboard */; };
		85B88A3D1C911CDB0003DB59 /* coreDate.xcdatamodeld in Sources */ = {isa = PBXBuildFile; fileRef = 85B88A3B1C911CDB0003DB59 /* coreDate.xcdatamodeld */; };
		85B88A3F1C911CDB0003DB59 /* Assets.xcassets in Resources */ = {isa = PBXBuildFile; fileRef = 85B88A3E1C911CDB0003DB59 /* Assets.xcassets */; };
		85B88A421C911CDB0003DB59 /* LaunchScreen.storyboard in Resources */ = {isa = PBXBuildFile; fileRef = 85B88A401C911CDB0003DB59 /* LaunchScreen.storyboard */; };
		85B88A4D1C911CDB0003DB59 /* coreDateTests.m in Sources */ = {isa = PBXBuildFile; fileRef = 85B88A4C1C911CDB0003DB59 /* coreDateTests.m */; };
		85B88A581C911CDB0003DB59 /* coreDateUITests.m in Sources */ = {isa = PBXBuildFile; fileRef = 85B88A571C911CDB0003DB59 /* coreDateUITests.m */; };
		85B88A671C911E030003DB59 /* master.m in Sources */ = {isa = PBXBuildFile; fileRef = 85B88A661C911E030003DB59 /* master.m */; };
		85B88A6A1C911E1B0003DB59 /* detail.m in Sources */ = {isa = PBXBuildFile; fileRef = 85B88A691C911E1B0003DB59 /* detail.m */; };
/* End PBXBuildFile section */

/* Begin PBXContainerItemProxy section */
		85B88A491C911CDB0003DB59 /* PBXContainerItemProxy */ = {
			isa = PBXContainerItemProxy;
			containerPortal = 85B88A241C911CDB0003DB59 /* Project object */;
			proxyType = 1;
			remoteGlobalIDString = 85B88A2B1C911CDB0003DB59;
			remoteInfo = coreDate;
		};
		85B88A541C911CDB0003DB59 /* PBXContainerItemProxy */ = {
			isa = PBXContainerItemProxy;
			containerPortal = 85B88A241C911CDB0003DB59 /* Project object */;
			proxyType = 1;
			remoteGlobalIDString = 85B88A2B1C911CDB0003DB59;
			remoteInfo = coreDate;
		};
/* End PBXContainerItemProxy section */

/* Begin PBXFileReference section */
		85B88A2C1C911CDB0003DB59 /* coreDate.app */ = {isa = PBXFileReference; explicitFileType = wrapper.application; includeInIndex = 0; path = coreDate.app; sourceTree = BUILT_PRODUCTS_DIR; };
		85B88A301C911CDB0003DB59 /* main.m */ = {isa = PBXFileReference; lastKnownFileType = sourcecode.c.objc; path = main.m; sourceTree = "<group>"; };
		85B88A321C911CDB0003DB59 /* AppDelegate.h */ = {isa = PBXFileReference; lastKnownFileType = sourcecode.c.h; path = AppDelegate.h; sourceTree = "<group>"; };
		85B88A331C911CDB0003DB59 /* AppDelegate.m */ = {isa = PBXFileReference; lastKnownFileType = sourcecode.c.objc; path = AppDelegate.m; sourceTree = "<group>"; };
		85B88A351C911CDB0003DB59 /* ViewController.h */ = {isa = PBXFileReference; lastKnownFileType = sourcecode.c.h; path = ViewController.h; sourceTree = "<group>"; };
		85B88A361C911CDB0003DB59 /* ViewController.m */ = {isa = PBXFileReference; lastKnownFileType = sourcecode.c.objc; path = ViewController.m; sourceTree = "<group>"; };
		85B88A391C911CDB0003DB59 /* Base */ = {isa = PBXFileReference; lastKnownFileType = file.storyboard; name = Base; path = Base.lproj/Main.storyboard; sourceTree = "<group>"; };
		85B88A3C1C911CDB0003DB59 /* coreDate.xcdatamodel */ = {isa = PBXFileReference; lastKnownFileType = wrapper.xcdatamodel; path = coreDate.xcdatamodel; sourceTree = "<group>"; };
		85B88A3E1C911CDB0003DB59 /* Assets.xcassets */ = {isa = PBXFileReference; lastKnownFileType = folder.assetcatalog; path = Assets.xcassets; sourceTree = "<group>"; };
		85B88A411C911CDB0003DB59 /* Base */ = {isa = PBXFileReference; lastKnownFileType = file.storyboard; name = Base; path = Base.lproj/LaunchScreen.storyboard; sourceTree = "<group>"; };
		85B88A431C911CDB0003DB59 /* Info.plist */ = {isa = PBXFileReference; lastKnownFileType = text.plist.xml; path = Info.plist; sourceTree = "<group>"; };
		85B88A481C911CDB0003DB59 /* coreDateTests.xctest */ = {isa = PBXFileReference; explicitFileType = wrapper.cfbundle; includeInIndex = 0; path = coreDateTests.xctest; sourceTree = BUILT_PRODUCTS_DIR; };
		85B88A4C1C911CDB0003DB59 /* coreDateTests.m */ = {isa = PBXFileReference; lastKnownFileType = sourcecode.c.objc; path = coreDateTests.m; sourceTree = "<group>"; };
		85B88A4E1C911CDB0003DB59 /* Info.plist */ = {isa = PBXFileReference; lastKnownFileType = text.plist.xml; path = Info.plist; sourceTree = "<group>"; };
		85B88A531C911CDB0003DB59 /* coreDateUITests.xctest */ = {isa = PBXFileReference; explicitFileType = wrapper.cfbundle; includeInIndex = 0; path = coreDateUITests.xctest; sourceTree = BUILT_PRODUCTS_DIR; };
		85B88A571C911CDB0003DB59 /* coreDateUITests.m */ = {isa = PBXFileReference; lastKnownFileType = sourcecode.c.objc; path = coreDateUITests.m; sourceTree = "<group>"; };
		85B88A591C911CDB0003DB59 /* Info.plist */ = {isa = PBXFileReference; lastKnownFileType = text.plist.xml; path = Info.plist; sourceTree = "<group>"; };
		85B88A651C911E030003DB59 /* master.h */ = {isa = PBXFileReference; fileEncoding = 4; lastKnownFileType = sourcecode.c.h; path = master.h; sourceTree = "<group>"; };
		85B88A661C911E030003DB59 /* master.m */ = {isa = PBXFileReference; fileEncoding = 4; lastKnownFileType = sourcecode.c.objc; path = master.m; sourceTree = "<group>"; };
		85B88A681C911E1B0003DB59 /* detail.h */ = {isa = PBXFileReference; fileEncoding = 4; lastKnownFileType = sourcecode.c.h; path = detail.h; sourceTree = "<group>"; };
		85B88A691C911E1B0003DB59 /* detail.m */ = {isa = PBXFileReference; fileEncoding = 4; lastKnownFileType = sourcecode.c.objc; path = detail.m; sourceTree = "<group>"; };
/* End PBXFileReference section */

/* Begin PBXFrameworksBuildPhase section */
		85B88A291C911CDB0003DB59 /* Frameworks */ = {
			isa = PBXFrameworksBuildPhase;
			buildActionMask = 2147483647;
			files = (
			);
			runOnlyForDeploymentPostprocessing = 0;
		};
		85B88A451C911CDB0003DB59 /* Frameworks */ = {
			isa = PBXFrameworksBuildPhase;
			buildActionMask = 2147483647;
			files = (
			);
			runOnlyForDeploymentPostprocessing = 0;
		};
		85B88A501C911CDB0003DB59 /* Frameworks */ = {
			isa = PBXFrameworksBuildPhase;
			buildActionMask = 2147483647;
			files = (
			);
			runOnlyForDeploymentPostprocessing = 0;
		};
/* End PBXFrameworksBuildPhase section */

/* Begin PBXGroup section */
		85B88A231C911CDB0003DB59 = {
			isa = PBXGroup;
			children = (
				85B88A2E1C911CDB0003DB59 /* coreDate */,
				85B88A4B1C911CDB0003DB59 /* coreDateTests */,
				85B88A561C911CDB0003DB59 /* coreDateUITests */,
				85B88A2D1C911CDB0003DB59 /* Products */,
			);
			sourceTree = "<group>";
		};
		85B88A2D1C911CDB0003DB59 /* Products */ = {
			isa = PBXGroup;
			children = (
				85B88A2C1C911CDB0003DB59 /* coreDate.app */,
				85B88A481C911CDB0003DB59 /* coreDateTests.xctest */,
				85B88A531C911CDB0003DB59 /* coreDateUITests.xctest */,
			);
			name = Products;
			sourceTree = "<group>";
		};
		85B88A2E1C911CDB0003DB59 /* coreDate */ = {
			isa = PBXGroup;
			children = (
				85B88A321C911CDB0003DB59 /* AppDelegate.h */,
				85B88A331C911CDB0003DB59 /* AppDelegate.m */,
				85B88A351C911CDB0003DB59 /* ViewController.h */,
				85B88A361C911CDB0003DB59 /* ViewController.m */,
				85B88A381C911CDB0003DB59 /* Main.storyboard */,
				85B88A3E1C911CDB0003DB59 /* Assets.xcassets */,
				85B88A401C911CDB0003DB59 /* LaunchScreen.storyboard */,
				85B88A431C911CDB0003DB59 /* Info.plist */,
				85B88A3B1C911CDB0003DB59 /* coreDate.xcdatamodeld */,
				85B88A2F1C911CDB0003DB59 /* Supporting Files */,
				85B88A651C911E030003DB59 /* master.h */,
				85B88A661C911E030003DB59 /* master.m */,
				85B88A681C911E1B0003DB59 /* detail.h */,
				85B88A691C911E1B0003DB59 /* detail.m */,
			);
			path = coreDate;
			sourceTree = "<group>";
		};
		85B88A2F1C911CDB0003DB59 /* Supporting Files */ = {
			isa = PBXGroup;
			children = (
				85B88A301C911CDB0003DB59 /* main.m */,
			);
			name = "Supporting Files";
			sourceTree = "<group>";
		};
		85B88A4B1C911CDB0003DB59 /* coreDateTests */ = {
			isa = PBXGroup;
			children = (
				85B88A4C1C911CDB0003DB59 /* coreDateTests.m */,
				85B88A4E1C911CDB0003DB59 /* Info.plist */,
			);
			path = coreDateTests;
			sourceTree = "<group>";
		};
		85B88A561C911CDB0003DB59 /* coreDateUITests */ = {
			isa = PBXGroup;
			children = (
				85B88A571C911CDB0003DB59 /* coreDateUITests.m */,
				85B88A591C911CDB0003DB59 /* Info.plist */,
			);
			path = coreDateUITests;
			sourceTree = "<group>";
		};
/* End PBXGroup section */

/* Begin PBXNativeTarget section */
		85B88A2B1C911CDB0003DB59 /* coreDate */ = {
			isa = PBXNativeTarget;
			buildConfigurationList = 85B88A5C1C911CDB0003DB59 /* Build configuration list for PBXNativeTarget "coreDate" */;
			buildPhases = (
				85B88A281C911CDB0003DB59 /* Sources */,
				85B88A291C911CDB0003DB59 /* Frameworks */,
				85B88A2A1C911CDB0003DB59 /* Resources */,
			);
			buildRules = (
			);
			dependencies = (
			);
			name = coreDate;
			productName = coreDate;
			productReference = 85B88A2C1C911CDB0003DB59 /* coreDate.app */;
			productType = "com.apple.product-type.application";
		};
		85B88A471C911CDB0003DB59 /* coreDateTests */ = {
			isa = PBXNativeTarget;
			buildConfigurationList = 85B88A5F1C911CDB0003DB59 /* Build configuration list for PBXNativeTarget "coreDateTests" */;
			buildPhases = (
				85B88A441C911CDB0003DB59 /* Sources */,
				85B88A451C911CDB0003DB59 /* Frameworks */,
				85B88A461C911CDB0003DB59 /* Resources */,
			);
			buildRules = (
			);
			dependencies = (
				85B88A4A1C911CDB0003DB59 /* PBXTargetDependency */,
			);
			name = coreDateTests;
			productName = coreDateTests;
			productReference = 85B88A481C911CDB0003DB59 /* coreDateTests.xctest */;
			productType = "com.apple.product-type.bundle.unit-test";
		};
		85B88A521C911CDB0003DB59 /* coreDateUITests */ = {
			isa = PBXNativeTarget;
			buildConfigurationList = 85B88A621C911CDB0003DB59 /* Build configuration list for PBXNativeTarget "coreDateUITests" */;
			buildPhases = (
				85B88A4F1C911CDB0003DB59 /* Sources */,
				85B88A501C911CDB0003DB59 /* Frameworks */,
				85B88A511C911CDB0003DB59 /* Resources */,
			);
			buildRules = (
			);
			dependencies = (
				85B88A551C911CDB0003DB59 /* PBXTargetDependency */,
			);
			name = coreDateUITests;
			productName = coreDateUITests;
			productReference = 85B88A531C911CDB0003DB59 /* coreDateUITests.xctest */;
			productType = "com.apple.product-type.bundle.ui-testing";
		};
/* End PBXNativeTarget section */

/* Begin PBXProject section */
		85B88A241C911CDB0003DB59 /* Project object */ = {
			isa = PBXProject;
			attributes = {
				LastUpgradeCheck = 0710;
				ORGANIZATIONNAME = AppleUser;
				TargetAttributes = {
					85B88A2B1C911CDB0003DB59 = {
						CreatedOnToolsVersion = 7.1.1;
					};
					85B88A471C911CDB0003DB59 = {
						CreatedOnToolsVersion = 7.1.1;
						TestTargetID = 85B88A2B1C911CDB0003DB59;
					};
					85B88A521C911CDB0003DB59 = {
						CreatedOnToolsVersion = 7.1.1;
						TestTargetID = 85B88A2B1C911CDB0003DB59;
					};
				};
			};
			buildConfigurationList = 85B88A271C911CDB0003DB59 /* Build configuration list for PBXProject "coreDate" */;
			compatibilityVersion = "Xcode 3.2";
			developmentRegion = English;
			hasScannedForEncodings = 0;
			knownRegions = (
				en,
				Base,
			);
			mainGroup = 85B88A231C911CDB0003DB59;
			productRefGroup = 85B88A2D1C911CDB0003DB59 /* Products */;
			projectDirPath = "";
			projectRoot = "";
			targets = (
				85B88A2B1C911CDB0003DB59 /* coreDate */,
				85B88A471C911CDB0003DB59 /* coreDateTests */,
				85B88A521C911CDB0003DB59 /* coreDateUITests */,
			);
		};
/* End PBXProject section */

/* Begin PBXResourcesBuildPhase section */
		85B88A2A1C911CDB0003DB59 /* Resources */ = {
			isa = PBXResourcesBuildPhase;
			buildActionMask = 2147483647;
			files = (
				85B88A421C911CDB0003DB59 /* LaunchScreen.storyboard in Resources */,
				85B88A3F1C911CDB0003DB59 /* Assets.xcassets in Resources */,
				85B88A3A1C911CDB0003DB59 /* Main.storyboard in Resources */,
			);
			runOnlyForDeploymentPostprocessing = 0;
		};
		85B88A461C911CDB0003DB59 /* Resources */ = {
			isa = PBXResourcesBuildPhase;
			buildActionMask = 2147483647;
			files = (
			);
			runOnlyForDeploymentPostprocessing = 0;
		};
		85B88A511C911CDB0003DB59 /* Resources */ = {
			isa = PBXResourcesBuildPhase;
			buildActionMask = 2147483647;
			files = (
			);
			runOnlyForDeploymentPostprocessing = 0;
		};
/* End PBXResourcesBuildPhase section */

/* Begin PBXSourcesBuildPhase section */
		85B88A281C911CDB0003DB59 /* Sources */ = {
			isa = PBXSourcesBuildPhase;
			buildActionMask = 2147483647;
			files = (
				85B88A3D1C911CDB0003DB59 /* coreDate.xcdatamodeld in Sources */,
				85B88A371C911CDB0003DB59 /* ViewController.m in Sources */,
				85B88A341C911CDB0003DB59 /* AppDelegate.m in Sources */,
				85B88A671C911E030003DB59 /* master.m in Sources */,
				85B88A6A1C911E1B0003DB59 /* detail.m in Sources */,
				85B88A311C911CDB0003DB59 /* main.m in Sources */,
			);
			runOnlyForDeploymentPostprocessing = 0;
		};
		85B88A441C911CDB0003DB59 /* Sources */ = {
			isa = PBXSourcesBuildPhase;
			buildActionMask = 2147483647;
			files = (
				85B88A4D1C911CDB0003DB59 /* coreDateTests.m in Sources */,
			);
			runOnlyForDeploymentPostprocessing = 0;
		};
		85B88A4F1C911CDB0003DB59 /* Sources */ = {
			isa = PBXSourcesBuildPhase;
			buildActionMask = 2147483647;
			files = (
				85B88A581C911CDB0003DB59 /* coreDateUITests.m in Sources */,
			);
			runOnlyForDeploymentPostprocessing = 0;
		};
/* End PBXSourcesBuildPhase section */

/* Begin PBXTargetDependency section */
		85B88A4A1C911CDB0003DB59 /* PBXTargetDependency */ = {
			isa = PBXTargetDependency;
			target = 85B88A2B1C911CDB0003DB59 /* coreDate */;
			targetProxy = 85B88A491C911CDB0003DB59 /* PBXContainerItemProxy */;
		};
		85B88A551C911CDB0003DB59 /* PBXTargetDependency */ = {
			isa = PBXTargetDependency;
			target = 85B88A2B1C911CDB0003DB59 /* coreDate */;
			targetProxy = 85B88A541C911CDB0003DB59 /* PBXContainerItemProxy */;
		};
/* End PBXTargetDependency section */

/* Begin PBXVariantGroup section */
		85B88A381C911CDB0003DB59 /* Main.storyboard */ = {
			isa = PBXVariantGroup;
			children = (
				85B88A391C911CDB0003DB59 /* Base */,
			);
			name = Main.storyboard;
			sourceTree = "<group>";
		};
		85B88A401C911CDB0003DB59 /* LaunchScreen.storyboard */ = {
			isa = PBXVariantGroup;
			children = (
				85B88A411C911CDB0003DB59 /* Base */,
			);
			name = LaunchScreen.storyboard;
			sourceTree = "<group>";
		};
/* End PBXVariantGroup section */

/* Begin XCBuildConfiguration section */
		85B88A5A1C911CDB0003DB59 /* Debug */ = {
			isa = XCBuildConfiguration;
			buildSettings = {
				ALWAYS_SEARCH_USER_PATHS = NO;
				CLANG_CXX_LANGUAGE_STANDARD = "gnu++0x";
				CLANG_CXX_LIBRARY = "libc++";
				CLANG_ENABLE_MODULES = YES;
				CLANG_ENABLE_OBJC_ARC = YES;
				CLANG_WARN_BOOL_CONVERSION = YES;
				CLANG_WARN_CONSTANT_CONVERSION = YES;
				CLANG_WARN_DIRECT_OBJC_ISA_USAGE = YES_ERROR;
				CLANG_WARN_EMPTY_BODY = YES;
				CLANG_WARN_ENUM_CONVERSION = YES;
				CLANG_WARN_INT_CONVERSION = YES;
				CLANG_WARN_OBJC_ROOT_CLASS = YES_ERROR;
				CLANG_WARN_UNREACHABLE_CODE = YES;
				CLANG_WARN__DUPLICATE_METHOD_MATCH = YES;
				"CODE_SIGN_IDENTITY[sdk=iphoneos*]" = "iPhone Developer";
				COPY_PHASE_STRIP = NO;
				DEBUG_INFORMATION_FORMAT = dwarf;
				ENABLE_STRICT_OBJC_MSGSEND = YES;
				ENABLE_TESTABILITY = YES;
				GCC_C_LANGUAGE_STANDARD = gnu99;
				GCC_DYNAMIC_NO_PIC = NO;
				GCC_NO_COMMON_BLOCKS = YES;
				GCC_OPTIMIZATION_LEVEL = 0;
				GCC_PREPROCESSOR_DEFINITIONS = (
					"DEBUG=1",
					"$(inherited)",
				);
				GCC_WARN_64_TO_32_BIT_CONVERSION = YES;
				GCC_WARN_ABOUT_RETURN_TYPE = YES_ERROR;
				GCC_WARN_UNDECLARED_SELECTOR = YES;
				GCC_WARN_UNINITIALIZED_AUTOS = YES_AGGRESSIVE;
				GCC_WARN_UNUSED_FUNCTION = YES;
				GCC_WARN_UNUSED_VARIABLE = YES;
				IPHONEOS_DEPLOYMENT_TARGET = 9.1;
				MTL_ENABLE_DEBUG_INFO = YES;
				ONLY_ACTIVE_ARCH = YES;
				SDKROOT = iphoneos;
			};
			name = Debug;
		};
		85B88A5B1C911CDB0003DB59 /* Release */ = {
			isa = XCBuildConfiguration;
			buildSettings = {
				ALWAYS_SEARCH_USER_PATHS = NO;
				CLANG_CXX_LANGUAGE_STANDARD = "gnu++0x";
				CLANG_CXX_LIBRARY = "libc++";
				CLANG_ENABLE_MODULES = YES;
				CLANG_ENABLE_OBJC_ARC = YES;
				CLANG_WARN_BOOL_CONVERSION = YES;
				CLANG_WARN_CONSTANT_CONVERSION = YES;
				CLANG_WARN_DIRECT_OBJC_ISA_USAGE = YES_ERROR;
				CLANG_WARN_EMPTY_BODY = YES;
				CLANG_WARN_ENUM_CONVERSION = YES;
				CLANG_WARN_INT_CONVERSION = YES;
				CLANG_WARN_OBJC_ROOT_CLASS = YES_ERROR;
				CLANG_WARN_UNREACHABLE_CODE = YES;
				CLANG_WARN__DUPLICATE_METHOD_MATCH = YES;
				"CODE_SIGN_IDENTITY[sdk=iphoneos*]" = "iPhone Developer";
				COPY_PHASE_STRIP = NO;
				DEBUG_INFORMATION_FORMAT = "dwarf-with-dsym";
				ENABLE_NS_ASSERTIONS = NO;
				ENABLE_STRICT_OBJC_MSGSEND = YES;
				GCC_C_LANGUAGE_STANDARD = gnu99;
				GCC_NO_COMMON_BLOCKS = YES;
				GCC_WARN_64_TO_32_BIT_CONVERSION = YES;
				GCC_WARN_ABOUT_RETURN_TYPE = YES_ERROR;
				GCC_WARN_UNDECLARED_SELECTOR = YES;
				GCC_WARN_UNINITIALIZED_AUTOS = YES_AGGRESSIVE;
				GCC_WARN_UNUSED_FUNCTION = YES;
				GCC_WARN_UNUSED_VARIABLE = YES;
				IPHONEOS_DEPLOYMENT_TARGET = 9.1;
				MTL_ENABLE_DEBUG_INFO = NO;
				SDKROOT = iphoneos;
				VALIDATE_PRODUCT = YES;
			};
			name = Release;
		};
		85B88A5D1C911CDB0003DB59 /* Debug */ = {
			isa = XCBuildConfiguration;
			buildSettings = {
				ASSETCATALOG_COMPILER_APPICON_NAME = AppIcon;
				INFOPLIST_FILE = coreDate/Info.plist;
				LD_RUNPATH_SEARCH_PATHS = "$(inherited) @executable_path/Frameworks";
				PRODUCT_BUNDLE_IDENTIFIER = wjs.coreDate;
				PRODUCT_NAME = "$(TARGET_NAME)";
			};
			name = Debug;
		};
		85B88A5E1C911CDB0003DB59 /* Release */ = {
			isa = XCBuildConfiguration;
			buildSettings = {
				ASSETCATALOG_COMPILER_APPICON_NAME = AppIcon;
				INFOPLIST_FILE = coreDate/Info.plist;
				LD_RUNPATH_SEARCH_PATHS = "$(inherited) @executable_path/Frameworks";
				PRODUCT_BUNDLE_IDENTIFIER = wjs.coreDate;
				PRODUCT_NAME = "$(TARGET_NAME)";
			};
			name = Release;
		};
		85B88A601C911CDB0003DB59 /* Debug */ = {
			isa = XCBuildConfiguration;
			buildSettings = {
				BUNDLE_LOADER = "$(TEST_HOST)";
				INFOPLIST_FILE = coreDateTests/Info.plist;
				LD_RUNPATH_SEARCH_PATHS = "$(inherited) @executable_path/Frameworks @loader_path/Frameworks";
				PRODUCT_BUNDLE_IDENTIFIER = wjs.coreDateTests;
				PRODUCT_NAME = "$(TARGET_NAME)";
				TEST_HOST = "$(BUILT_PRODUCTS_DIR)/coreDate.app/coreDate";
			};
			name = Debug;
		};
		85B88A611C911CDB0003DB59 /* Release */ = {
			isa = XCBuildConfiguration;
			buildSettings = {
				BUNDLE_LOADER = "$(TEST_HOST)";
				INFOPLIST_FILE = coreDateTests/Info.plist;
				LD_RUNPATH_SEARCH_PATHS = "$(inherited) @executable_path/Frameworks @loader_path/Frameworks";
				PRODUCT_BUNDLE_IDENTIFIER = wjs.coreDateTests;
				PRODUCT_NAME = "$(TARGET_NAME)";
				TEST_HOST = "$(BUILT_PRODUCTS_DIR)/coreDate.app/coreDate";
			};
			name = Release;
		};
		85B88A631C911CDB0003DB59 /* Debug */ = {
			isa = XCBuildConfiguration;
			buildSettings = {
				INFOPLIST_FILE = coreDateUITests/Info.plist;
				LD_RUNPATH_SEARCH_PATHS = "$(inherited) @executable_path/Frameworks @loader_path/Frameworks";
				PRODUCT_BUNDLE_IDENTIFIER = wjs.coreDateUITests;
				PRODUCT_NAME = "$(TARGET_NAME)";
				TEST_TARGET_NAME = coreDate;
				USES_XCTRUNNER = YES;
			};
			name = Debug;
		};
		85B88A641C911CDB0003DB59 /* Release */ = {
			isa = XCBuildConfiguration;
			buildSettings = {
				INFOPLIST_FILE = coreDateUITests/Info.plist;
				LD_RUNPATH_SEARCH_PATHS = "$(inherited) @executable_path/Frameworks @loader_path/Frameworks";
				PRODUCT_BUNDLE_IDENTIFIER = wjs.coreDateUITests;
				PRODUCT_NAME = "$(TARGET_NAME)";
				TEST_TARGET_NAME = coreDate;
				USES_XCTRUNNER = YES;
			};
			name = Release;
		};
/* End XCBuildConfiguration section */

/* Begin XCConfigurationList section */
		85B88A271C911CDB0003DB59 /* Build configuration list for PBXProject "coreDate" */ = {
			isa = XCConfigurationList;
			buildConfigurations = (
				85B88A5A1C911CDB0003DB59 /* Debug */,
				85B88A5B1C911CDB0003DB59 /* Release */,
			);
			defaultConfigurationIsVisible = 0;
			defaultConfigurationName = Release;
		};
		85B88A5C1C911CDB0003DB59 /* Build configuration list for PBXNativeTarget "coreDate" */ = {
			isa = XCConfigurationList;
			buildConfigurations = (
				85B88A5D1C911CDB0003DB59 /* Debug */,
				85B88A5E1C911CDB0003DB59 /* Release */,
			);
			defaultConfigurationIsVisible = 0;
		};
		85B88A5F1C911CDB0003DB59 /* Build configuration list for PBXNativeTarget "coreDateTests" */ = {
			isa = XCConfigurationList;
			buildConfigurations = (
				85B88A601C911CDB0003DB59 /* Debug */,
				85B88A611C911CDB0003DB59 /* Release */,
			);
			defaultConfigurationIsVisible = 0;
		};
		85B88A621C911CDB0003DB59 /* Build configuration list for PBXNativeTarget "coreDateUITests" */ = {
			isa = XCConfigurationList;
			buildConfigurations = (
				85B88A631C911CDB0003DB59 /* Debug */,
				85B88A641C911CDB0003DB59 /* Release */,
			);
			defaultConfigurationIsVisible = 0;
		};
/* End XCConfigurationList section */

/* Begin XCVersionGroup section */
		85B88A3B1C911CDB0003DB59 /* coreDate.xcdatamodeld */ = {
			isa = XCVersionGroup;
			children = (
				85B88A3C1C911CDB0003DB59 /* coreDate.xcdatamodel */,
			);
			currentVersion = 85B88A3C1C911CDB0003DB59 /* coreDate.xcdatamodel */;
			path = coreDate.xcdatamodeld;
			sourceTree = "<group>";
			versionGroupType = wrapper.xcdatamodel;
		};
/* End XCVersionGroup section */
	};
	rootObject = 85B88A241C911CDB0003DB59 /* Project object */;
}
